// !$*UTF8*$!
{
	archiveVersion = 1;
	classes = {
	};
	objectVersion = 56;
	objects = {

/* Begin PBXBuildFile section */
		5B920A592A60B25900464A8C /* BusinessDetailed.swift in Sources */ = {isa = PBXBuildFile; fileRef = 5B920A582A60B25900464A8C /* BusinessDetailed.swift */; };
		5B920A5D2A60BCF100464A8C /* SecretKeys.swift in Sources */ = {isa = PBXBuildFile; fileRef = 5B920A5C2A60BCF100464A8C /* SecretKeys.swift */; };
		5BBC3E362A576DB000B4422D /* AppDelegate.swift in Sources */ = {isa = PBXBuildFile; fileRef = 5BBC3E352A576DB000B4422D /* AppDelegate.swift */; };
		5BBC3E382A576DB000B4422D /* SceneDelegate.swift in Sources */ = {isa = PBXBuildFile; fileRef = 5BBC3E372A576DB000B4422D /* SceneDelegate.swift */; };
		5BBC3E3A2A576DB000B4422D /* ViewController.swift in Sources */ = {isa = PBXBuildFile; fileRef = 5BBC3E392A576DB000B4422D /* ViewController.swift */; };
		5BBC3E3F2A576DB200B4422D /* Assets.xcassets in Resources */ = {isa = PBXBuildFile; fileRef = 5BBC3E3E2A576DB200B4422D /* Assets.xcassets */; };
		5BBC3E422A576DB200B4422D /* LaunchScreen.storyboard in Resources */ = {isa = PBXBuildFile; fileRef = 5BBC3E402A576DB200B4422D /* LaunchScreen.storyboard */; };
		5BBC3E4D2A576DB200B4422D /* MuncherTests.swift in Sources */ = {isa = PBXBuildFile; fileRef = 5BBC3E4C2A576DB200B4422D /* MuncherTests.swift */; };
		5BBC3E572A576DB200B4422D /* MuncherUITests.swift in Sources */ = {isa = PBXBuildFile; fileRef = 5BBC3E562A576DB200B4422D /* MuncherUITests.swift */; };
		5BBC3E592A576DB200B4422D /* MuncherUITestsLaunchTests.swift in Sources */ = {isa = PBXBuildFile; fileRef = 5BBC3E582A576DB200B4422D /* MuncherUITestsLaunchTests.swift */; };
		5BBC3E672A5788E500B4422D /* Business.swift in Sources */ = {isa = PBXBuildFile; fileRef = 5BBC3E662A5788E500B4422D /* Business.swift */; };
		5BBC3E692A57B9C200B4422D /* NetworkManager.swift in Sources */ = {isa = PBXBuildFile; fileRef = 5BBC3E682A57B9C200B4422D /* NetworkManager.swift */; };
/* End PBXBuildFile section */

/* Begin PBXContainerItemProxy section */
		5BBC3E492A576DB200B4422D /* PBXContainerItemProxy */ = {
			isa = PBXContainerItemProxy;
			containerPortal = 5BBC3E2A2A576DB000B4422D /* Project object */;
			proxyType = 1;
			remoteGlobalIDString = 5BBC3E312A576DB000B4422D;
			remoteInfo = Muncher;
		};
		5BBC3E532A576DB200B4422D /* PBXContainerItemProxy */ = {
			isa = PBXContainerItemProxy;
			containerPortal = 5BBC3E2A2A576DB000B4422D /* Project object */;
			proxyType = 1;
			remoteGlobalIDString = 5BBC3E312A576DB000B4422D;
			remoteInfo = Muncher;
		};
/* End PBXContainerItemProxy section */

/* Begin PBXFileReference section */
		5B920A582A60B25900464A8C /* BusinessDetailed.swift */ = {isa = PBXFileReference; lastKnownFileType = sourcecode.swift; path = BusinessDetailed.swift; sourceTree = "<group>"; };
		5B920A5C2A60BCF100464A8C /* SecretKeys.swift */ = {isa = PBXFileReference; lastKnownFileType = sourcecode.swift; path = SecretKeys.swift; sourceTree = "<group>"; };
		5BBC3E322A576DB000B4422D /* Muncher.app */ = {isa = PBXFileReference; explicitFileType = wrapper.application; includeInIndex = 0; path = Muncher.app; sourceTree = BUILT_PRODUCTS_DIR; };
		5BBC3E352A576DB000B4422D /* AppDelegate.swift */ = {isa = PBXFileReference; lastKnownFileType = sourcecode.swift; path = AppDelegate.swift; sourceTree = "<group>"; };
		5BBC3E372A576DB000B4422D /* SceneDelegate.swift */ = {isa = PBXFileReference; lastKnownFileType = sourcecode.swift; path = SceneDelegate.swift; sourceTree = "<group>"; };
		5BBC3E392A576DB000B4422D /* ViewController.swift */ = {isa = PBXFileReference; lastKnownFileType = sourcecode.swift; path = ViewController.swift; sourceTree = "<group>"; };
		5BBC3E3E2A576DB200B4422D /* Assets.xcassets */ = {isa = PBXFileReference; lastKnownFileType = folder.assetcatalog; path = Assets.xcassets; sourceTree = "<group>"; };
		5BBC3E412A576DB200B4422D /* Base */ = {isa = PBXFileReference; lastKnownFileType = file.storyboard; name = Base; path = Base.lproj/LaunchScreen.storyboard; sourceTree = "<group>"; };
		5BBC3E432A576DB200B4422D /* Info.plist */ = {isa = PBXFileReference; lastKnownFileType = text.plist.xml; path = Info.plist; sourceTree = "<group>"; };
		5BBC3E482A576DB200B4422D /* MuncherTests.xctest */ = {isa = PBXFileReference; explicitFileType = wrapper.cfbundle; includeInIndex = 0; path = MuncherTests.xctest; sourceTree = BUILT_PRODUCTS_DIR; };
		5BBC3E4C2A576DB200B4422D /* MuncherTests.swift */ = {isa = PBXFileReference; lastKnownFileType = sourcecode.swift; path = MuncherTests.swift; sourceTree = "<group>"; };
		5BBC3E522A576DB200B4422D /* MuncherUITests.xctest */ = {isa = PBXFileReference; explicitFileType = wrapper.cfbundle; includeInIndex = 0; path = MuncherUITests.xctest; sourceTree = BUILT_PRODUCTS_DIR; };
		5BBC3E562A576DB200B4422D /* MuncherUITests.swift */ = {isa = PBXFileReference; lastKnownFileType = sourcecode.swift; path = MuncherUITests.swift; sourceTree = "<group>"; };
		5BBC3E582A576DB200B4422D /* MuncherUITestsLaunchTests.swift */ = {isa = PBXFileReference; lastKnownFileType = sourcecode.swift; path = MuncherUITestsLaunchTests.swift; sourceTree = "<group>"; };
		5BBC3E662A5788E500B4422D /* Business.swift */ = {isa = PBXFileReference; lastKnownFileType = sourcecode.swift; path = Business.swift; sourceTree = "<group>"; };
		5BBC3E682A57B9C200B4422D /* NetworkManager.swift */ = {isa = PBXFileReference; lastKnownFileType = sourcecode.swift; path = NetworkManager.swift; sourceTree = "<group>"; };
/* End PBXFileReference section */

/* Begin PBXFrameworksBuildPhase section */
		5BBC3E2F2A576DB000B4422D /* Frameworks */ = {
			isa = PBXFrameworksBuildPhase;
			buildActionMask = 2147483647;
			files = (
			);
			runOnlyForDeploymentPostprocessing = 0;
		};
		5BBC3E452A576DB200B4422D /* Frameworks */ = {
			isa = PBXFrameworksBuildPhase;
			buildActionMask = 2147483647;
			files = (
			);
			runOnlyForDeploymentPostprocessing = 0;
		};
		5BBC3E4F2A576DB200B4422D /* Frameworks */ = {
			isa = PBXFrameworksBuildPhase;
			buildActionMask = 2147483647;
			files = (
			);
			runOnlyForDeploymentPostprocessing = 0;
		};
/* End PBXFrameworksBuildPhase section */

/* Begin PBXGroup section */
		5BBC3E292A576DB000B4422D = {
			isa = PBXGroup;
			children = (
				5BBC3E342A576DB000B4422D /* Muncher */,
				5BBC3E4B2A576DB200B4422D /* MuncherTests */,
				5BBC3E552A576DB200B4422D /* MuncherUITests */,
				5BBC3E332A576DB000B4422D /* Products */,
			);
			sourceTree = "<group>";
		};
		5BBC3E332A576DB000B4422D /* Products */ = {
			isa = PBXGroup;
			children = (
				5BBC3E322A576DB000B4422D /* Muncher.app */,
				5BBC3E482A576DB200B4422D /* MuncherTests.xctest */,
				5BBC3E522A576DB200B4422D /* MuncherUITests.xctest */,
			);
			name = Products;
			sourceTree = "<group>";
		};
		5BBC3E342A576DB000B4422D /* Muncher */ = {
			isa = PBXGroup;
			children = (
				5BBC3E352A576DB000B4422D /* AppDelegate.swift */,
				5BBC3E372A576DB000B4422D /* SceneDelegate.swift */,
				5BBC3E392A576DB000B4422D /* ViewController.swift */,
				5BBC3E662A5788E500B4422D /* Business.swift */,
				5BBC3E3E2A576DB200B4422D /* Assets.xcassets */,
				5BBC3E402A576DB200B4422D /* LaunchScreen.storyboard */,
				5BBC3E432A576DB200B4422D /* Info.plist */,
				5BBC3E682A57B9C200B4422D /* NetworkManager.swift */,
				5B920A582A60B25900464A8C /* BusinessDetailed.swift */,
				5B920A5C2A60BCF100464A8C /* SecretKeys.swift */,
			);
			path = Muncher;
			sourceTree = "<group>";
		};
		5BBC3E4B2A576DB200B4422D /* MuncherTests */ = {
			isa = PBXGroup;
			children = (
				5BBC3E4C2A576DB200B4422D /* MuncherTests.swift */,
			);
			path = MuncherTests;
			sourceTree = "<group>";
		};
		5BBC3E552A576DB200B4422D /* MuncherUITests */ = {
			isa = PBXGroup;
			children = (
				5BBC3E562A576DB200B4422D /* MuncherUITests.swift */,
				5BBC3E582A576DB200B4422D /* MuncherUITestsLaunchTests.swift */,
			);
			path = MuncherUITests;
			sourceTree = "<group>";
		};
/* End PBXGroup section */

/* Begin PBXNativeTarget section */
		5BBC3E312A576DB000B4422D /* Muncher */ = {
			isa = PBXNativeTarget;
			buildConfigurationList = 5BBC3E5C2A576DB200B4422D /* Build configuration list for PBXNativeTarget "Muncher" */;
			buildPhases = (
				5BBC3E2E2A576DB000B4422D /* Sources */,
				5BBC3E2F2A576DB000B4422D /* Frameworks */,
				5BBC3E302A576DB000B4422D /* Resources */,
				5BBC3E652A576DF600B4422D /* SwiftLint */,
			);
			buildRules = (
			);
			dependencies = (
			);
			name = Muncher;
			productName = Muncher;
			productReference = 5BBC3E322A576DB000B4422D /* Muncher.app */;
			productType = "com.apple.product-type.application";
		};
		5BBC3E472A576DB200B4422D /* MuncherTests */ = {
			isa = PBXNativeTarget;
			buildConfigurationList = 5BBC3E5F2A576DB200B4422D /* Build configuration list for PBXNativeTarget "MuncherTests" */;
			buildPhases = (
				5BBC3E442A576DB200B4422D /* Sources */,
				5BBC3E452A576DB200B4422D /* Frameworks */,
				5BBC3E462A576DB200B4422D /* Resources */,
			);
			buildRules = (
			);
			dependencies = (
				5BBC3E4A2A576DB200B4422D /* PBXTargetDependency */,
			);
			name = MuncherTests;
			productName = MuncherTests;
			productReference = 5BBC3E482A576DB200B4422D /* MuncherTests.xctest */;
			productType = "com.apple.product-type.bundle.unit-test";
		};
		5BBC3E512A576DB200B4422D /* MuncherUITests */ = {
			isa = PBXNativeTarget;
			buildConfigurationList = 5BBC3E622A576DB200B4422D /* Build configuration list for PBXNativeTarget "MuncherUITests" */;
			buildPhases = (
				5BBC3E4E2A576DB200B4422D /* Sources */,
				5BBC3E4F2A576DB200B4422D /* Frameworks */,
				5BBC3E502A576DB200B4422D /* Resources */,
			);
			buildRules = (
			);
			dependencies = (
				5BBC3E542A576DB200B4422D /* PBXTargetDependency */,
			);
			name = MuncherUITests;
			productName = MuncherUITests;
			productReference = 5BBC3E522A576DB200B4422D /* MuncherUITests.xctest */;
			productType = "com.apple.product-type.bundle.ui-testing";
		};
/* End PBXNativeTarget section */

/* Begin PBXProject section */
		5BBC3E2A2A576DB000B4422D /* Project object */ = {
			isa = PBXProject;
			attributes = {
				BuildIndependentTargetsInParallel = 1;
				LastSwiftUpdateCheck = 1420;
				LastUpgradeCheck = 1420;
				TargetAttributes = {
					5BBC3E312A576DB000B4422D = {
						CreatedOnToolsVersion = 14.2;
					};
					5BBC3E472A576DB200B4422D = {
						CreatedOnToolsVersion = 14.2;
						TestTargetID = 5BBC3E312A576DB000B4422D;
					};
					5BBC3E512A576DB200B4422D = {
						CreatedOnToolsVersion = 14.2;
						TestTargetID = 5BBC3E312A576DB000B4422D;
					};
				};
			};
			buildConfigurationList = 5BBC3E2D2A576DB000B4422D /* Build configuration list for PBXProject "Muncher" */;
			compatibilityVersion = "Xcode 14.0";
			developmentRegion = en;
			hasScannedForEncodings = 0;
			knownRegions = (
				en,
				Base,
			);
			mainGroup = 5BBC3E292A576DB000B4422D;
			productRefGroup = 5BBC3E332A576DB000B4422D /* Products */;
			projectDirPath = "";
			projectRoot = "";
			targets = (
				5BBC3E312A576DB000B4422D /* Muncher */,
				5BBC3E472A576DB200B4422D /* MuncherTests */,
				5BBC3E512A576DB200B4422D /* MuncherUITests */,
			);
		};
/* End PBXProject section */

/* Begin PBXResourcesBuildPhase section */
		5BBC3E302A576DB000B4422D /* Resources */ = {
			isa = PBXResourcesBuildPhase;
			buildActionMask = 2147483647;
			files = (
				5BBC3E422A576DB200B4422D /* LaunchScreen.storyboard in Resources */,
				5BBC3E3F2A576DB200B4422D /* Assets.xcassets in Resources */,
			);
			runOnlyForDeploymentPostprocessing = 0;
		};
		5BBC3E462A576DB200B4422D /* Resources */ = {
			isa = PBXResourcesBuildPhase;
			buildActionMask = 2147483647;
			files = (
			);
			runOnlyForDeploymentPostprocessing = 0;
		};
		5BBC3E502A576DB200B4422D /* Resources */ = {
			isa = PBXResourcesBuildPhase;
			buildActionMask = 2147483647;
			files = (
			);
			runOnlyForDeploymentPostprocessing = 0;
		};
/* End PBXResourcesBuildPhase section */

/* Begin PBXShellScriptBuildPhase section */
		5BBC3E652A576DF600B4422D /* SwiftLint */ = {
			isa = PBXShellScriptBuildPhase;
			alwaysOutOfDate = 1;
			buildActionMask = 2147483647;
			files = (
			);
			inputFileListPaths = (
			);
			inputPaths = (
			);
			name = SwiftLint;
			outputFileListPaths = (
			);
			outputPaths = (
			);
			runOnlyForDeploymentPostprocessing = 0;
			shellPath = /bin/sh;
			shellScript = "export PATH=\"$PATH:/opt/homebrew/bin\"\nif which swiftlint > /dev/null; then\nswiftlint\nelse\necho \"warning: SwiftLint not installed, download from https://github.com/realm/SwiftLint\"\nfi\n";
		};
/* End PBXShellScriptBuildPhase section */

/* Begin PBXSourcesBuildPhase section */
		5BBC3E2E2A576DB000B4422D /* Sources */ = {
			isa = PBXSourcesBuildPhase;
			buildActionMask = 2147483647;
			files = (
				5BBC3E3A2A576DB000B4422D /* ViewController.swift in Sources */,
				5BBC3E672A5788E500B4422D /* Business.swift in Sources */,
				5BBC3E692A57B9C200B4422D /* NetworkManager.swift in Sources */,
				5B920A592A60B25900464A8C /* BusinessDetailed.swift in Sources */,
				5BBC3E362A576DB000B4422D /* AppDelegate.swift in Sources */,
				5B920A5D2A60BCF100464A8C /* SecretKeys.swift in Sources */,
				5BBC3E382A576DB000B4422D /* SceneDelegate.swift in Sources */,
			);
			runOnlyForDeploymentPostprocessing = 0;
		};
		5BBC3E442A576DB200B4422D /* Sources */ = {
			isa = PBXSourcesBuildPhase;
			buildActionMask = 2147483647;
			files = (
				5BBC3E4D2A576DB200B4422D /* MuncherTests.swift in Sources */,
			);
			runOnlyForDeploymentPostprocessing = 0;
		};
		5BBC3E4E2A576DB200B4422D /* Sources */ = {
			isa = PBXSourcesBuildPhase;
			buildActionMask = 2147483647;
			files = (
				5BBC3E572A576DB200B4422D /* MuncherUITests.swift in Sources */,
				5BBC3E592A576DB200B4422D /* MuncherUITestsLaunchTests.swift in Sources */,
			);
			runOnlyForDeploymentPostprocessing = 0;
		};
/* End PBXSourcesBuildPhase section */

/* Begin PBXTargetDependency section */
		5BBC3E4A2A576DB200B4422D /* PBXTargetDependency */ = {
			isa = PBXTargetDependency;
			target = 5BBC3E312A576DB000B4422D /* Muncher */;
			targetProxy = 5BBC3E492A576DB200B4422D /* PBXContainerItemProxy */;
		};
		5BBC3E542A576DB200B4422D /* PBXTargetDependency */ = {
			isa = PBXTargetDependency;
			target = 5BBC3E312A576DB000B4422D /* Muncher */;
			targetProxy = 5BBC3E532A576DB200B4422D /* PBXContainerItemProxy */;
		};
/* End PBXTargetDependency section */

/* Begin PBXVariantGroup section */
		5BBC3E402A576DB200B4422D /* LaunchScreen.storyboard */ = {
			isa = PBXVariantGroup;
			children = (
				5BBC3E412A576DB200B4422D /* Base */,
			);
			name = LaunchScreen.storyboard;
			sourceTree = "<group>";
		};
/* End PBXVariantGroup section */

/* Begin XCBuildConfiguration section */
		5BBC3E5A2A576DB200B4422D /* Debug */ = {
			isa = XCBuildConfiguration;
			buildSettings = {
				ALWAYS_SEARCH_USER_PATHS = NO;
				CLANG_ANALYZER_NONNULL = YES;
				CLANG_ANALYZER_NUMBER_OBJECT_CONVERSION = YES_AGGRESSIVE;
				CLANG_CXX_LANGUAGE_STANDARD = "gnu++20";
				CLANG_ENABLE_MODULES = YES;
				CLANG_ENABLE_OBJC_ARC = YES;
				CLANG_ENABLE_OBJC_WEAK = YES;
				CLANG_WARN_BLOCK_CAPTURE_AUTORELEASING = YES;
				CLANG_WARN_BOOL_CONVERSION = YES;
				CLANG_WARN_COMMA = YES;
				CLANG_WARN_CONSTANT_CONVERSION = YES;
				CLANG_WARN_DEPRECATED_OBJC_IMPLEMENTATIONS = YES;
				CLANG_WARN_DIRECT_OBJC_ISA_USAGE = YES_ERROR;
				CLANG_WARN_DOCUMENTATION_COMMENTS = YES;
				CLANG_WARN_EMPTY_BODY = YES;
				CLANG_WARN_ENUM_CONVERSION = YES;
				CLANG_WARN_INFINITE_RECURSION = YES;
				CLANG_WARN_INT_CONVERSION = YES;
				CLANG_WARN_NON_LITERAL_NULL_CONVERSION = YES;
				CLANG_WARN_OBJC_IMPLICIT_RETAIN_SELF = YES;
				CLANG_WARN_OBJC_LITERAL_CONVERSION = YES;
				CLANG_WARN_OBJC_ROOT_CLASS = YES_ERROR;
				CLANG_WARN_QUOTED_INCLUDE_IN_FRAMEWORK_HEADER = YES;
				CLANG_WARN_RANGE_LOOP_ANALYSIS = YES;
				CLANG_WARN_STRICT_PROTOTYPES = YES;
				CLANG_WARN_SUSPICIOUS_MOVE = YES;
				CLANG_WARN_UNGUARDED_AVAILABILITY = YES_AGGRESSIVE;
				CLANG_WARN_UNREACHABLE_CODE = YES;
				CLANG_WARN__DUPLICATE_METHOD_MATCH = YES;
				COPY_PHASE_STRIP = NO;
				DEBUG_INFORMATION_FORMAT = dwarf;
				ENABLE_STRICT_OBJC_MSGSEND = YES;
				ENABLE_TESTABILITY = YES;
				GCC_C_LANGUAGE_STANDARD = gnu11;
				GCC_DYNAMIC_NO_PIC = NO;
				GCC_NO_COMMON_BLOCKS = YES;
				GCC_OPTIMIZATION_LEVEL = 0;
				GCC_PREPROCESSOR_DEFINITIONS = (
					"DEBUG=1",
					"$(inherited)",
				);
				GCC_WARN_64_TO_32_BIT_CONVERSION = YES;
				GCC_WARN_ABOUT_RETURN_TYPE = YES_ERROR;
				GCC_WARN_UNDECLARED_SELECTOR = YES;
				GCC_WARN_UNINITIALIZED_AUTOS = YES_AGGRESSIVE;
				GCC_WARN_UNUSED_FUNCTION = YES;
				GCC_WARN_UNUSED_VARIABLE = YES;
				IPHONEOS_DEPLOYMENT_TARGET = 16.2;
				MTL_ENABLE_DEBUG_INFO = INCLUDE_SOURCE;
				MTL_FAST_MATH = YES;
				ONLY_ACTIVE_ARCH = YES;
				SDKROOT = iphoneos;
				SWIFT_ACTIVE_COMPILATION_CONDITIONS = DEBUG;
				SWIFT_OPTIMIZATION_LEVEL = "-Onone";
			};
			name = Debug;
		};
		5BBC3E5B2A576DB200B4422D /* Release */ = {
			isa = XCBuildConfiguration;
			buildSettings = {
				ALWAYS_SEARCH_USER_PATHS = NO;
				CLANG_ANALYZER_NONNULL = YES;
				CLANG_ANALYZER_NUMBER_OBJECT_CONVERSION = YES_AGGRESSIVE;
				CLANG_CXX_LANGUAGE_STANDARD = "gnu++20";
				CLANG_ENABLE_MODULES = YES;
				CLANG_ENABLE_OBJC_ARC = YES;
				CLANG_ENABLE_OBJC_WEAK = YES;
				CLANG_WARN_BLOCK_CAPTURE_AUTORELEASING = YES;
				CLANG_WARN_BOOL_CONVERSION = YES;
				CLANG_WARN_COMMA = YES;
				CLANG_WARN_CONSTANT_CONVERSION = YES;
				CLANG_WARN_DEPRECATED_OBJC_IMPLEMENTATIONS = YES;
				CLANG_WARN_DIRECT_OBJC_ISA_USAGE = YES_ERROR;
				CLANG_WARN_DOCUMENTATION_COMMENTS = YES;
				CLANG_WARN_EMPTY_BODY = YES;
				CLANG_WARN_ENUM_CONVERSION = YES;
				CLANG_WARN_INFINITE_RECURSION = YES;
				CLANG_WARN_INT_CONVERSION = YES;
				CLANG_WARN_NON_LITERAL_NULL_CONVERSION = YES;
				CLANG_WARN_OBJC_IMPLICIT_RETAIN_SELF = YES;
				CLANG_WARN_OBJC_LITERAL_CONVERSION = YES;
				CLANG_WARN_OBJC_ROOT_CLASS = YES_ERROR;
				CLANG_WARN_QUOTED_INCLUDE_IN_FRAMEWORK_HEADER = YES;
				CLANG_WARN_RANGE_LOOP_ANALYSIS = YES;
				CLANG_WARN_STRICT_PROTOTYPES = YES;
				CLANG_WARN_SUSPICIOUS_MOVE = YES;
				CLANG_WARN_UNGUARDED_AVAILABILITY = YES_AGGRESSIVE;
				CLANG_WARN_UNREACHABLE_CODE = YES;
				CLANG_WARN__DUPLICATE_METHOD_MATCH = YES;
				COPY_PHASE_STRIP = NO;
				DEBUG_INFORMATION_FORMAT = "dwarf-with-dsym";
				ENABLE_NS_ASSERTIONS = NO;
				ENABLE_STRICT_OBJC_MSGSEND = YES;
				GCC_C_LANGUAGE_STANDARD = gnu11;
				GCC_NO_COMMON_BLOCKS = YES;
				GCC_WARN_64_TO_32_BIT_CONVERSION = YES;
				GCC_WARN_ABOUT_RETURN_TYPE = YES_ERROR;
				GCC_WARN_UNDECLARED_SELECTOR = YES;
				GCC_WARN_UNINITIALIZED_AUTOS = YES_AGGRESSIVE;
				GCC_WARN_UNUSED_FUNCTION = YES;
				GCC_WARN_UNUSED_VARIABLE = YES;
				IPHONEOS_DEPLOYMENT_TARGET = 16.2;
				MTL_ENABLE_DEBUG_INFO = NO;
				MTL_FAST_MATH = YES;
				SDKROOT = iphoneos;
				SWIFT_COMPILATION_MODE = wholemodule;
				SWIFT_OPTIMIZATION_LEVEL = "-O";
				VALIDATE_PRODUCT = YES;
			};
			name = Release;
		};
		5BBC3E5D2A576DB200B4422D /* Debug */ = {
			isa = XCBuildConfiguration;
			buildSettings = {
				ASSETCATALOG_COMPILER_APPICON_NAME = AppIcon;
				ASSETCATALOG_COMPILER_GLOBAL_ACCENT_COLOR_NAME = AccentColor;
				CODE_SIGN_STYLE = Automatic;
				CURRENT_PROJECT_VERSION = 1;
				DEVELOPMENT_TEAM = 2J43M5H25R;
				GENERATE_INFOPLIST_FILE = YES;
				INFOPLIST_FILE = Muncher/Info.plist;
				INFOPLIST_KEY_UIApplicationSupportsIndirectInputEvents = YES;
				INFOPLIST_KEY_UILaunchStoryboardName = LaunchScreen;
				INFOPLIST_KEY_UISupportedInterfaceOrientations_iPad = "UIInterfaceOrientationPortrait UIInterfaceOrientationPortraitUpsideDown UIInterfaceOrientationLandscapeLeft UIInterfaceOrientationLandscapeRight";
				INFOPLIST_KEY_UISupportedInterfaceOrientations_iPhone = "UIInterfaceOrientationPortrait UIInterfaceOrientationLandscapeLeft UIInterfaceOrientationLandscapeRight";
				LD_RUNPATH_SEARCH_PATHS = (
					"$(inherited)",
					"@executable_path/Frameworks",
				);
				MARKETING_VERSION = 1.0;
				PRODUCT_BUNDLE_IDENTIFIER = com.Dchuon.Muncher;
				PRODUCT_NAME = "$(TARGET_NAME)";
				SWIFT_EMIT_LOC_STRINGS = YES;
				SWIFT_VERSION = 5.0;
				TARGETED_DEVICE_FAMILY = "1,2";
			};
			name = Debug;
		};
		5BBC3E5E2A576DB200B4422D /* Release */ = {
			isa = XCBuildConfiguration;
			buildSettings = {
				ASSETCATALOG_COMPILER_APPICON_NAME = AppIcon;
				ASSETCATALOG_COMPILER_GLOBAL_ACCENT_COLOR_NAME = AccentColor;
				CODE_SIGN_STYLE = Automatic;
				CURRENT_PROJECT_VERSION = 1;
				DEVELOPMENT_TEAM = 2J43M5H25R;
				GENERATE_INFOPLIST_FILE = YES;
				INFOPLIST_FILE = Muncher/Info.plist;
				INFOPLIST_KEY_UIApplicationSupportsIndirectInputEvents = YES;
				INFOPLIST_KEY_UILaunchStoryboardName = LaunchScreen;
				INFOPLIST_KEY_UISupportedInterfaceOrientations_iPad = "UIInterfaceOrientationPortrait UIInterfaceOrientationPortraitUpsideDown UIInterfaceOrientationLandscapeLeft UIInterfaceOrientationLandscapeRight";
				INFOPLIST_KEY_UISupportedInterfaceOrientations_iPhone = "UIInterfaceOrientationPortrait UIInterfaceOrientationLandscapeLeft UIInterfaceOrientationLandscapeRight";
				LD_RUNPATH_SEARCH_PATHS = (
					"$(inherited)",
					"@executable_path/Frameworks",
				);
				MARKETING_VERSION = 1.0;
				PRODUCT_BUNDLE_IDENTIFIER = com.Dchuon.Muncher;
				PRODUCT_NAME = "$(TARGET_NAME)";
				SWIFT_EMIT_LOC_STRINGS = YES;
				SWIFT_VERSION = 5.0;
				TARGETED_DEVICE_FAMILY = "1,2";
			};
			name = Release;
		};
		5BBC3E602A576DB200B4422D /* Debug */ = {
			isa = XCBuildConfiguration;
			buildSettings = {
				ALWAYS_EMBED_SWIFT_STANDARD_LIBRARIES = YES;
				BUNDLE_LOADER = "$(TEST_HOST)";
				CODE_SIGN_STYLE = Automatic;
				CURRENT_PROJECT_VERSION = 1;
				DEVELOPMENT_TEAM = 2J43M5H25R;
				GENERATE_INFOPLIST_FILE = YES;
				IPHONEOS_DEPLOYMENT_TARGET = 16.2;
				MARKETING_VERSION = 1.0;
				PRODUCT_BUNDLE_IDENTIFIER = com.Dchuon.MuncherTests;
				PRODUCT_NAME = "$(TARGET_NAME)";
				SWIFT_EMIT_LOC_STRINGS = NO;
				SWIFT_VERSION = 5.0;
				TARGETED_DEVICE_FAMILY = "1,2";
				TEST_HOST = "$(BUILT_PRODUCTS_DIR)/Muncher.app/$(BUNDLE_EXECUTABLE_FOLDER_PATH)/Muncher";
			};
			name = Debug;
		};
		5BBC3E612A576DB200B4422D /* Release */ = {
			isa = XCBuildConfiguration;
			buildSettings = {
				ALWAYS_EMBED_SWIFT_STANDARD_LIBRARIES = YES;
				BUNDLE_LOADER = "$(TEST_HOST)";
				CODE_SIGN_STYLE = Automatic;
				CURRENT_PROJECT_VERSION = 1;
				DEVELOPMENT_TEAM = 2J43M5H25R;
				GENERATE_INFOPLIST_FILE = YES;
				IPHONEOS_DEPLOYMENT_TARGET = 16.2;
				MARKETING_VERSION = 1.0;
				PRODUCT_BUNDLE_IDENTIFIER = com.Dchuon.MuncherTests;
				PRODUCT_NAME = "$(TARGET_NAME)";
				SWIFT_EMIT_LOC_STRINGS = NO;
				SWIFT_VERSION = 5.0;
				TARGETED_DEVICE_FAMILY = "1,2";
				TEST_HOST = "$(BUILT_PRODUCTS_DIR)/Muncher.app/$(BUNDLE_EXECUTABLE_FOLDER_PATH)/Muncher";
			};
			name = Release;
		};
		5BBC3E632A576DB200B4422D /* Debug */ = {
			isa = XCBuildConfiguration;
			buildSettings = {
				ALWAYS_EMBED_SWIFT_STANDARD_LIBRARIES = YES;
				CODE_SIGN_STYLE = Automatic;
				CURRENT_PROJECT_VERSION = 1;
				DEVELOPMENT_TEAM = 2J43M5H25R;
				GENERATE_INFOPLIST_FILE = YES;
				MARKETING_VERSION = 1.0;
				PRODUCT_BUNDLE_IDENTIFIER = com.Dchuon.MuncherUITests;
				PRODUCT_NAME = "$(TARGET_NAME)";
				SWIFT_EMIT_LOC_STRINGS = NO;
				SWIFT_VERSION = 5.0;
				TARGETED_DEVICE_FAMILY = "1,2";
				TEST_TARGET_NAME = Muncher;
			};
			name = Debug;
		};
		5BBC3E642A576DB200B4422D /* Release */ = {
			isa = XCBuildConfiguration;
			buildSettings = {
				ALWAYS_EMBED_SWIFT_STANDARD_LIBRARIES = YES;
				CODE_SIGN_STYLE = Automatic;
				CURRENT_PROJECT_VERSION = 1;
				DEVELOPMENT_TEAM = 2J43M5H25R;
				GENERATE_INFOPLIST_FILE = YES;
				MARKETING_VERSION = 1.0;
				PRODUCT_BUNDLE_IDENTIFIER = com.Dchuon.MuncherUITests;
				PRODUCT_NAME = "$(TARGET_NAME)";
				SWIFT_EMIT_LOC_STRINGS = NO;
				SWIFT_VERSION = 5.0;
				TARGETED_DEVICE_FAMILY = "1,2";
				TEST_TARGET_NAME = Muncher;
			};
			name = Release;
		};
/* End XCBuildConfiguration section */

/* Begin XCConfigurationList section */
		5BBC3E2D2A576DB000B4422D /* Build configuration list for PBXProject "Muncher" */ = {
			isa = XCConfigurationList;
			buildConfigurations = (
				5BBC3E5A2A576DB200B4422D /* Debug */,
				5BBC3E5B2A576DB200B4422D /* Release */,
			);
			defaultConfigurationIsVisible = 0;
			defaultConfigurationName = Release;
		};
		5BBC3E5C2A576DB200B4422D /* Build configuration list for PBXNativeTarget "Muncher" */ = {
			isa = XCConfigurationList;
			buildConfigurations = (
				5BBC3E5D2A576DB200B4422D /* Debug */,
				5BBC3E5E2A576DB200B4422D /* Release */,
			);
			defaultConfigurationIsVisible = 0;
			defaultConfigurationName = Release;
		};
		5BBC3E5F2A576DB200B4422D /* Build configuration list for PBXNativeTarget "MuncherTests" */ = {
			isa = XCConfigurationList;
			buildConfigurations = (
				5BBC3E602A576DB200B4422D /* Debug */,
				5BBC3E612A576DB200B4422D /* Release */,
			);
			defaultConfigurationIsVisible = 0;
			defaultConfigurationName = Release;
		};
		5BBC3E622A576DB200B4422D /* Build configuration list for PBXNativeTarget "MuncherUITests" */ = {
			isa = XCConfigurationList;
			buildConfigurations = (
				5BBC3E632A576DB200B4422D /* Debug */,
				5BBC3E642A576DB200B4422D /* Release */,
			);
			defaultConfigurationIsVisible = 0;
			defaultConfigurationName = Release;
		};
/* End XCConfigurationList section */
	};
	rootObject = 5BBC3E2A2A576DB000B4422D /* Project object */;
}
